schema: '2.0'
stages:
  train:
    cmd: python src/train.py
    deps:
    - path: data/fashion_mnist_data.pkl
      hash: md5
      md5: 35353c71da0985eed8bb507bbc53bd91
      size: 54950285
    - path: src/train.py
      hash: md5
      md5: 83f0f498900ca7df07aa862b1d983650
      size: 2905
    params:
      params.yaml:
        train.batch_size: 128
        train.dropout: 0.45
        train.hidden_units: 64
        train.lr: 0.001
        train.num_epochs: 3
    outs:
    - path: dvclive/metrics.json
      hash: md5
      md5: 295513d567de84e5ab71aca49a29e01f
      size: 54
    - path: dvclive/plots/metrics/accuracy.tsv
      hash: md5
      md5: 1ee6d43e7e5f3ec73ba96af0b3e97df9
      size: 77
    - path: output/model.h5
      hash: md5
      md5: 38eb18f3d6585ef82211b8f94886e0a1
      size: 3681312
    - path: output/train_logs.csv
      hash: md5
      md5: ebae4996d8d668ffb08bb13ce2b5289b
      size: 140
  evaluate:
    cmd: python src/evaluate.py
    deps:
    - path: data/fashion_mnist_data.pkl
      hash: md5
      md5: 35353c71da0985eed8bb507bbc53bd91
      size: 54950285
    - path: output/model.h5
      hash: md5
      md5: 38eb18f3d6585ef82211b8f94886e0a1
      size: 3681312
    - path: src/evaluate.py
      hash: md5
      md5: e5ee4c57512384abd37b8e5679f846e2
      size: 3040
    outs:
    - path: output/metrics.json
      hash: md5
      md5: b565afc327ddec01fde735d47e64232f
      size: 60
    - path: output/predictions.json
      hash: md5
      md5: efb6fcfa9935ffb0f9f7d7aa9bd3fc7a
      size: 310000
    - path: output/test/samples_of_mispredicted_images/
      hash: md5
      md5: 56c72134a69cfe6f02733c24bfc76e33.dir
      size: 174829
      nfiles: 10
